// !$*UTF8*$!
{
	archiveVersion = 1;
	classes = {
	};
	objectVersion = 55;
	objects = {

/* Begin PBXBuildFile section */
		DC16451A28890B330074A265 /* PokemonAboutView.swift in Sources */ = {isa = PBXBuildFile; fileRef = DC16451928890B330074A265 /* PokemonAboutView.swift */; };
		DC16451B28890B330074A265 /* PokemonAboutView.swift in Sources */ = {isa = PBXBuildFile; fileRef = DC16451928890B330074A265 /* PokemonAboutView.swift */; };
		DC16451D288912F60074A265 /* PokemonBaseStatesView.swift in Sources */ = {isa = PBXBuildFile; fileRef = DC16451C288912F60074A265 /* PokemonBaseStatesView.swift */; };
		DC16451E288912F60074A265 /* PokemonBaseStatesView.swift in Sources */ = {isa = PBXBuildFile; fileRef = DC16451C288912F60074A265 /* PokemonBaseStatesView.swift */; };
		DC1645232889177B0074A265 /* PokemonBaseStateCellView.swift in Sources */ = {isa = PBXBuildFile; fileRef = DC1645222889177B0074A265 /* PokemonBaseStateCellView.swift */; };
		DC1645242889177B0074A265 /* PokemonBaseStateCellView.swift in Sources */ = {isa = PBXBuildFile; fileRef = DC1645222889177B0074A265 /* PokemonBaseStateCellView.swift */; };
		DC164527288919000074A265 /* PokemonTypesView.swift in Sources */ = {isa = PBXBuildFile; fileRef = DC164526288919000074A265 /* PokemonTypesView.swift */; };
		DC164528288919000074A265 /* PokemonTypesView.swift in Sources */ = {isa = PBXBuildFile; fileRef = DC164526288919000074A265 /* PokemonTypesView.swift */; };
		DC16452B28891B830074A265 /* PokemonListCellView.swift in Sources */ = {isa = PBXBuildFile; fileRef = DC16452A28891B830074A265 /* PokemonListCellView.swift */; };
		DC16452C28891B830074A265 /* PokemonListCellView.swift in Sources */ = {isa = PBXBuildFile; fileRef = DC16452A28891B830074A265 /* PokemonListCellView.swift */; };
		DC16452E288958620074A265 /* InternetConnectionManager.swift in Sources */ = {isa = PBXBuildFile; fileRef = DC16452D288958620074A265 /* InternetConnectionManager.swift */; };
		DC16452F288958620074A265 /* InternetConnectionManager.swift in Sources */ = {isa = PBXBuildFile; fileRef = DC16452D288958620074A265 /* InternetConnectionManager.swift */; };
		DC9A14682885748B0063407F /* PokemonApp.swift in Sources */ = {isa = PBXBuildFile; fileRef = DC9A14672885748B0063407F /* PokemonApp.swift */; };
		DC9A146A2885748B0063407F /* ContentView.swift in Sources */ = {isa = PBXBuildFile; fileRef = DC9A14692885748B0063407F /* ContentView.swift */; };
		DC9A146C2885748E0063407F /* Assets.xcassets in Resources */ = {isa = PBXBuildFile; fileRef = DC9A146B2885748E0063407F /* Assets.xcassets */; };
		DC9A146F2885748E0063407F /* Preview Assets.xcassets in Resources */ = {isa = PBXBuildFile; fileRef = DC9A146E2885748E0063407F /* Preview Assets.xcassets */; };
		DC9A14712885748E0063407F /* Persistence.swift in Sources */ = {isa = PBXBuildFile; fileRef = DC9A14702885748E0063407F /* Persistence.swift */; };
		DC9A14742885748E0063407F /* Pokemon.xcdatamodeld in Sources */ = {isa = PBXBuildFile; fileRef = DC9A14722885748E0063407F /* Pokemon.xcdatamodeld */; };
		DC9A147E2885748E0063407F /* PokemonTests.swift in Sources */ = {isa = PBXBuildFile; fileRef = DC9A147D2885748E0063407F /* PokemonTests.swift */; };
		DC9A14882885748E0063407F /* PokemonUITests.swift in Sources */ = {isa = PBXBuildFile; fileRef = DC9A14872885748E0063407F /* PokemonUITests.swift */; };
		DC9A148A2885748E0063407F /* PokemonUITestsLaunchTests.swift in Sources */ = {isa = PBXBuildFile; fileRef = DC9A14892885748E0063407F /* PokemonUITestsLaunchTests.swift */; };
		DC9A14A3288593A90063407F /* PokemonListView.swift in Sources */ = {isa = PBXBuildFile; fileRef = DC9A14A2288593A90063407F /* PokemonListView.swift */; };
		DC9A14A4288593A90063407F /* PokemonListView.swift in Sources */ = {isa = PBXBuildFile; fileRef = DC9A14A2288593A90063407F /* PokemonListView.swift */; };
		DC9A14A6288593C60063407F /* PokemonListViewModel.swift in Sources */ = {isa = PBXBuildFile; fileRef = DC9A14A5288593C60063407F /* PokemonListViewModel.swift */; };
		DC9A14A7288593C60063407F /* PokemonListViewModel.swift in Sources */ = {isa = PBXBuildFile; fileRef = DC9A14A5288593C60063407F /* PokemonListViewModel.swift */; };
		DC9A14AA2885C2B20063407F /* PokemonListModel.swift in Sources */ = {isa = PBXBuildFile; fileRef = DC9A14A92885C2B20063407F /* PokemonListModel.swift */; };
		DC9A14AB2885C2B20063407F /* PokemonListModel.swift in Sources */ = {isa = PBXBuildFile; fileRef = DC9A14A92885C2B20063407F /* PokemonListModel.swift */; };
		DC9A14AE2885C73D0063407F /* APIManager.swift in Sources */ = {isa = PBXBuildFile; fileRef = DC9A14AD2885C73D0063407F /* APIManager.swift */; };
		DC9A14AF2885C73D0063407F /* APIManager.swift in Sources */ = {isa = PBXBuildFile; fileRef = DC9A14AD2885C73D0063407F /* APIManager.swift */; };
		DC9A14B12885C87A0063407F /* ClientManager.swift in Sources */ = {isa = PBXBuildFile; fileRef = DC9A14B02885C87A0063407F /* ClientManager.swift */; };
		DC9A14B22885C87A0063407F /* ClientManager.swift in Sources */ = {isa = PBXBuildFile; fileRef = DC9A14B02885C87A0063407F /* ClientManager.swift */; };
		DC9A14B42885C9660063407F /* PokemonListClient.swift in Sources */ = {isa = PBXBuildFile; fileRef = DC9A14B32885C9660063407F /* PokemonListClient.swift */; };
		DC9A14B52885C9660063407F /* PokemonListClient.swift in Sources */ = {isa = PBXBuildFile; fileRef = DC9A14B32885C9660063407F /* PokemonListClient.swift */; };
		DC9A14BA2885EC8C0063407F /* String.swift in Sources */ = {isa = PBXBuildFile; fileRef = DC9A14B92885EC8C0063407F /* String.swift */; };
		DC9A14BB2885EC8C0063407F /* String.swift in Sources */ = {isa = PBXBuildFile; fileRef = DC9A14B92885EC8C0063407F /* String.swift */; };
		DC9A14BE2885F21C0063407F /* PokemonDetailsView.swift in Sources */ = {isa = PBXBuildFile; fileRef = DC9A14BD2885F21C0063407F /* PokemonDetailsView.swift */; };
		DC9A14BF2885F21C0063407F /* PokemonDetailsView.swift in Sources */ = {isa = PBXBuildFile; fileRef = DC9A14BD2885F21C0063407F /* PokemonDetailsView.swift */; };
		DC9A14C128868A9B0063407F /* PokemonDetailsViewModel.swift in Sources */ = {isa = PBXBuildFile; fileRef = DC9A14C028868A9B0063407F /* PokemonDetailsViewModel.swift */; };
		DC9A14C228868A9B0063407F /* PokemonDetailsViewModel.swift in Sources */ = {isa = PBXBuildFile; fileRef = DC9A14C028868A9B0063407F /* PokemonDetailsViewModel.swift */; };
		DC9A14C728868B5F0063407F /* PokemonDetailsModel.swift in Sources */ = {isa = PBXBuildFile; fileRef = DC9A14C628868B5F0063407F /* PokemonDetailsModel.swift */; };
		DC9A14C828868B5F0063407F /* PokemonDetailsModel.swift in Sources */ = {isa = PBXBuildFile; fileRef = DC9A14C628868B5F0063407F /* PokemonDetailsModel.swift */; };
		DC9A14CA28868FFF0063407F /* PokemonDetailsClient.swift in Sources */ = {isa = PBXBuildFile; fileRef = DC9A14C928868FFF0063407F /* PokemonDetailsClient.swift */; };
		DC9A14CB28868FFF0063407F /* PokemonDetailsClient.swift in Sources */ = {isa = PBXBuildFile; fileRef = DC9A14C928868FFF0063407F /* PokemonDetailsClient.swift */; };
		DC9A14CE288693FA0063407F /* SDWebImageSwiftUI in Frameworks */ = {isa = PBXBuildFile; productRef = DC9A14CD288693FA0063407F /* SDWebImageSwiftUI */; };
		DC9A14D02886A08A0063407F /* View.swift in Sources */ = {isa = PBXBuildFile; fileRef = DC9A14CF2886A08A0063407F /* View.swift */; };
		DC9A14D12886A08A0063407F /* View.swift in Sources */ = {isa = PBXBuildFile; fileRef = DC9A14CF2886A08A0063407F /* View.swift */; };
/* End PBXBuildFile section */

/* Begin PBXContainerItemProxy section */
		DC9A147A2885748E0063407F /* PBXContainerItemProxy */ = {
			isa = PBXContainerItemProxy;
			containerPortal = DC9A145C2885748B0063407F /* Project object */;
			proxyType = 1;
			remoteGlobalIDString = DC9A14632885748B0063407F;
			remoteInfo = Pokemon;
		};
		DC9A14842885748E0063407F /* PBXContainerItemProxy */ = {
			isa = PBXContainerItemProxy;
			containerPortal = DC9A145C2885748B0063407F /* Project object */;
			proxyType = 1;
			remoteGlobalIDString = DC9A14632885748B0063407F;
			remoteInfo = Pokemon;
		};
/* End PBXContainerItemProxy section */

/* Begin PBXFileReference section */
		DC16451928890B330074A265 /* PokemonAboutView.swift */ = {isa = PBXFileReference; lastKnownFileType = sourcecode.swift; path = PokemonAboutView.swift; sourceTree = "<group>"; };
		DC16451C288912F60074A265 /* PokemonBaseStatesView.swift */ = {isa = PBXFileReference; lastKnownFileType = sourcecode.swift; path = PokemonBaseStatesView.swift; sourceTree = "<group>"; };
		DC1645222889177B0074A265 /* PokemonBaseStateCellView.swift */ = {isa = PBXFileReference; lastKnownFileType = sourcecode.swift; path = PokemonBaseStateCellView.swift; sourceTree = "<group>"; };
		DC164526288919000074A265 /* PokemonTypesView.swift */ = {isa = PBXFileReference; lastKnownFileType = sourcecode.swift; path = PokemonTypesView.swift; sourceTree = "<group>"; };
		DC16452A28891B830074A265 /* PokemonListCellView.swift */ = {isa = PBXFileReference; lastKnownFileType = sourcecode.swift; path = PokemonListCellView.swift; sourceTree = "<group>"; };
		DC16452D288958620074A265 /* InternetConnectionManager.swift */ = {isa = PBXFileReference; fileEncoding = 4; lastKnownFileType = sourcecode.swift; path = InternetConnectionManager.swift; sourceTree = "<group>"; };
		DC9A14642885748B0063407F /* Pokemon.app */ = {isa = PBXFileReference; explicitFileType = wrapper.application; includeInIndex = 0; path = Pokemon.app; sourceTree = BUILT_PRODUCTS_DIR; };
		DC9A14672885748B0063407F /* PokemonApp.swift */ = {isa = PBXFileReference; lastKnownFileType = sourcecode.swift; path = PokemonApp.swift; sourceTree = "<group>"; };
		DC9A14692885748B0063407F /* ContentView.swift */ = {isa = PBXFileReference; lastKnownFileType = sourcecode.swift; path = ContentView.swift; sourceTree = "<group>"; };
		DC9A146B2885748E0063407F /* Assets.xcassets */ = {isa = PBXFileReference; lastKnownFileType = folder.assetcatalog; path = Assets.xcassets; sourceTree = "<group>"; };
		DC9A146E2885748E0063407F /* Preview Assets.xcassets */ = {isa = PBXFileReference; lastKnownFileType = folder.assetcatalog; path = "Preview Assets.xcassets"; sourceTree = "<group>"; };
		DC9A14702885748E0063407F /* Persistence.swift */ = {isa = PBXFileReference; lastKnownFileType = sourcecode.swift; path = Persistence.swift; sourceTree = "<group>"; };
		DC9A14732885748E0063407F /* Pokemon.xcdatamodel */ = {isa = PBXFileReference; lastKnownFileType = wrapper.xcdatamodel; path = Pokemon.xcdatamodel; sourceTree = "<group>"; };
		DC9A14792885748E0063407F /* PokemonTests.xctest */ = {isa = PBXFileReference; explicitFileType = wrapper.cfbundle; includeInIndex = 0; path = PokemonTests.xctest; sourceTree = BUILT_PRODUCTS_DIR; };
		DC9A147D2885748E0063407F /* PokemonTests.swift */ = {isa = PBXFileReference; lastKnownFileType = sourcecode.swift; path = PokemonTests.swift; sourceTree = "<group>"; };
		DC9A14832885748E0063407F /* PokemonUITests.xctest */ = {isa = PBXFileReference; explicitFileType = wrapper.cfbundle; includeInIndex = 0; path = PokemonUITests.xctest; sourceTree = BUILT_PRODUCTS_DIR; };
		DC9A14872885748E0063407F /* PokemonUITests.swift */ = {isa = PBXFileReference; lastKnownFileType = sourcecode.swift; path = PokemonUITests.swift; sourceTree = "<group>"; };
		DC9A14892885748E0063407F /* PokemonUITestsLaunchTests.swift */ = {isa = PBXFileReference; lastKnownFileType = sourcecode.swift; path = PokemonUITestsLaunchTests.swift; sourceTree = "<group>"; };
		DC9A14A0288580110063407F /* Info.plist */ = {isa = PBXFileReference; lastKnownFileType = text.plist; path = Info.plist; sourceTree = "<group>"; };
		DC9A14A2288593A90063407F /* PokemonListView.swift */ = {isa = PBXFileReference; lastKnownFileType = sourcecode.swift; path = PokemonListView.swift; sourceTree = "<group>"; };
		DC9A14A5288593C60063407F /* PokemonListViewModel.swift */ = {isa = PBXFileReference; lastKnownFileType = sourcecode.swift; path = PokemonListViewModel.swift; sourceTree = "<group>"; };
		DC9A14A92885C2B20063407F /* PokemonListModel.swift */ = {isa = PBXFileReference; lastKnownFileType = sourcecode.swift; path = PokemonListModel.swift; sourceTree = "<group>"; };
		DC9A14AD2885C73D0063407F /* APIManager.swift */ = {isa = PBXFileReference; lastKnownFileType = sourcecode.swift; path = APIManager.swift; sourceTree = "<group>"; };
		DC9A14B02885C87A0063407F /* ClientManager.swift */ = {isa = PBXFileReference; lastKnownFileType = sourcecode.swift; path = ClientManager.swift; sourceTree = "<group>"; };
		DC9A14B32885C9660063407F /* PokemonListClient.swift */ = {isa = PBXFileReference; lastKnownFileType = sourcecode.swift; path = PokemonListClient.swift; sourceTree = "<group>"; };
		DC9A14B92885EC8C0063407F /* String.swift */ = {isa = PBXFileReference; lastKnownFileType = sourcecode.swift; path = String.swift; sourceTree = "<group>"; };
		DC9A14BD2885F21C0063407F /* PokemonDetailsView.swift */ = {isa = PBXFileReference; lastKnownFileType = sourcecode.swift; path = PokemonDetailsView.swift; sourceTree = "<group>"; };
		DC9A14C028868A9B0063407F /* PokemonDetailsViewModel.swift */ = {isa = PBXFileReference; lastKnownFileType = sourcecode.swift; path = PokemonDetailsViewModel.swift; sourceTree = "<group>"; };
		DC9A14C628868B5F0063407F /* PokemonDetailsModel.swift */ = {isa = PBXFileReference; lastKnownFileType = sourcecode.swift; path = PokemonDetailsModel.swift; sourceTree = "<group>"; };
		DC9A14C928868FFF0063407F /* PokemonDetailsClient.swift */ = {isa = PBXFileReference; lastKnownFileType = sourcecode.swift; path = PokemonDetailsClient.swift; sourceTree = "<group>"; };
		DC9A14CF2886A08A0063407F /* View.swift */ = {isa = PBXFileReference; lastKnownFileType = sourcecode.swift; path = View.swift; sourceTree = "<group>"; };
/* End PBXFileReference section */

/* Begin PBXFrameworksBuildPhase section */
		DC9A14612885748B0063407F /* Frameworks */ = {
			isa = PBXFrameworksBuildPhase;
			buildActionMask = 2147483647;
			files = (
				DC9A14CE288693FA0063407F /* SDWebImageSwiftUI in Frameworks */,
			);
			runOnlyForDeploymentPostprocessing = 0;
		};
		DC9A14762885748E0063407F /* Frameworks */ = {
			isa = PBXFrameworksBuildPhase;
			buildActionMask = 2147483647;
			files = (
			);
			runOnlyForDeploymentPostprocessing = 0;
		};
		DC9A14802885748E0063407F /* Frameworks */ = {
			isa = PBXFrameworksBuildPhase;
			buildActionMask = 2147483647;
			files = (
			);
			runOnlyForDeploymentPostprocessing = 0;
		};
/* End PBXFrameworksBuildPhase section */

/* Begin PBXGroup section */
		DC16451F288917460074A265 /* About */ = {
			isa = PBXGroup;
			children = (
				DC16451928890B330074A265 /* PokemonAboutView.swift */,
			);
			path = About;
			sourceTree = "<group>";
		};
		DC164520288917600074A265 /* BaseState */ = {
			isa = PBXGroup;
			children = (
				DC1645212889176C0074A265 /* Cell */,
				DC16451C288912F60074A265 /* PokemonBaseStatesView.swift */,
			);
			path = BaseState;
			sourceTree = "<group>";
		};
		DC1645212889176C0074A265 /* Cell */ = {
			isa = PBXGroup;
			children = (
				DC1645222889177B0074A265 /* PokemonBaseStateCellView.swift */,
			);
			path = Cell;
			sourceTree = "<group>";
		};
		DC164525288918F10074A265 /* Types */ = {
			isa = PBXGroup;
			children = (
				DC164526288919000074A265 /* PokemonTypesView.swift */,
			);
			path = Types;
			sourceTree = "<group>";
		};
		DC16452928891B5C0074A265 /* Cell */ = {
			isa = PBXGroup;
			children = (
				DC16452A28891B830074A265 /* PokemonListCellView.swift */,
			);
			path = Cell;
			sourceTree = "<group>";
		};
		DC9A145B2885748B0063407F = {
			isa = PBXGroup;
			children = (
				DC9A14662885748B0063407F /* Pokemon */,
				DC9A147C2885748E0063407F /* PokemonTests */,
				DC9A14862885748E0063407F /* PokemonUITests */,
				DC9A14652885748B0063407F /* Products */,
			);
			sourceTree = "<group>";
		};
		DC9A14652885748B0063407F /* Products */ = {
			isa = PBXGroup;
			children = (
				DC9A14642885748B0063407F /* Pokemon.app */,
				DC9A14792885748E0063407F /* PokemonTests.xctest */,
				DC9A14832885748E0063407F /* PokemonUITests.xctest */,
			);
			name = Products;
			sourceTree = "<group>";
		};
		DC9A14662885748B0063407F /* Pokemon */ = {
			isa = PBXGroup;
			children = (
				DC9A14BC2885F1F00063407F /* Details */,
				DC9A14B82885EC760063407F /* Extension */,
				DC9A14AC2885C7210063407F /* Manager */,
				DC9A14A82885C27D0063407F /* Model */,
				DC9A14A1288593990063407F /* Home */,
				DC9A14A0288580110063407F /* Info.plist */,
				DC9A14672885748B0063407F /* PokemonApp.swift */,
				DC9A14692885748B0063407F /* ContentView.swift */,
				DC9A146B2885748E0063407F /* Assets.xcassets */,
				DC9A14702885748E0063407F /* Persistence.swift */,
				DC9A14722885748E0063407F /* Pokemon.xcdatamodeld */,
				DC9A146D2885748E0063407F /* Preview Content */,
			);
			path = Pokemon;
			sourceTree = "<group>";
		};
		DC9A146D2885748E0063407F /* Preview Content */ = {
			isa = PBXGroup;
			children = (
				DC9A146E2885748E0063407F /* Preview Assets.xcassets */,
			);
			path = "Preview Content";
			sourceTree = "<group>";
		};
		DC9A147C2885748E0063407F /* PokemonTests */ = {
			isa = PBXGroup;
			children = (
				DC9A147D2885748E0063407F /* PokemonTests.swift */,
			);
			path = PokemonTests;
			sourceTree = "<group>";
		};
		DC9A14862885748E0063407F /* PokemonUITests */ = {
			isa = PBXGroup;
			children = (
				DC9A14872885748E0063407F /* PokemonUITests.swift */,
				DC9A14892885748E0063407F /* PokemonUITestsLaunchTests.swift */,
			);
			path = PokemonUITests;
			sourceTree = "<group>";
		};
		DC9A14A1288593990063407F /* Home */ = {
			isa = PBXGroup;
			children = (
				DC16452928891B5C0074A265 /* Cell */,
				DC9A14A2288593A90063407F /* PokemonListView.swift */,
				DC9A14A5288593C60063407F /* PokemonListViewModel.swift */,
				DC9A14B32885C9660063407F /* PokemonListClient.swift */,
			);
			path = Home;
			sourceTree = "<group>";
		};
		DC9A14A82885C27D0063407F /* Model */ = {
			isa = PBXGroup;
			children = (
				DC9A14A92885C2B20063407F /* PokemonListModel.swift */,
				DC9A14C628868B5F0063407F /* PokemonDetailsModel.swift */,
			);
			path = Model;
			sourceTree = "<group>";
		};
		DC9A14AC2885C7210063407F /* Manager */ = {
			isa = PBXGroup;
			children = (
				DC9A14AD2885C73D0063407F /* APIManager.swift */,
				DC16452D288958620074A265 /* InternetConnectionManager.swift */,
				DC9A14B02885C87A0063407F /* ClientManager.swift */,
			);
			path = Manager;
			sourceTree = "<group>";
		};
		DC9A14B82885EC760063407F /* Extension */ = {
			isa = PBXGroup;
			children = (
				DC9A14B92885EC8C0063407F /* String.swift */,
				DC9A14CF2886A08A0063407F /* View.swift */,
			);
			path = Extension;
			sourceTree = "<group>";
		};
		DC9A14BC2885F1F00063407F /* Details */ = {
			isa = PBXGroup;
			children = (
				DC164525288918F10074A265 /* Types */,
				DC164520288917600074A265 /* BaseState */,
				DC16451F288917460074A265 /* About */,
				DC9A14BD2885F21C0063407F /* PokemonDetailsView.swift */,
				DC9A14C028868A9B0063407F /* PokemonDetailsViewModel.swift */,
				DC9A14C928868FFF0063407F /* PokemonDetailsClient.swift */,
			);
			path = Details;
			sourceTree = "<group>";
		};
/* End PBXGroup section */

/* Begin PBXNativeTarget section */
		DC9A14632885748B0063407F /* Pokemon */ = {
			isa = PBXNativeTarget;
			buildConfigurationList = DC9A148D2885748E0063407F /* Build configuration list for PBXNativeTarget "Pokemon" */;
			buildPhases = (
				DC9A14602885748B0063407F /* Sources */,
				DC9A14612885748B0063407F /* Frameworks */,
				DC9A14622885748B0063407F /* Resources */,
			);
			buildRules = (
			);
			dependencies = (
			);
			name = Pokemon;
			packageProductDependencies = (
				DC9A14CD288693FA0063407F /* SDWebImageSwiftUI */,
			);
			productName = Pokemon;
			productReference = DC9A14642885748B0063407F /* Pokemon.app */;
			productType = "com.apple.product-type.application";
		};
		DC9A14782885748E0063407F /* PokemonTests */ = {
			isa = PBXNativeTarget;
			buildConfigurationList = DC9A14902885748E0063407F /* Build configuration list for PBXNativeTarget "PokemonTests" */;
			buildPhases = (
				DC9A14752885748E0063407F /* Sources */,
				DC9A14762885748E0063407F /* Frameworks */,
				DC9A14772885748E0063407F /* Resources */,
			);
			buildRules = (
			);
			dependencies = (
				DC9A147B2885748E0063407F /* PBXTargetDependency */,
			);
			name = PokemonTests;
			productName = PokemonTests;
			productReference = DC9A14792885748E0063407F /* PokemonTests.xctest */;
			productType = "com.apple.product-type.bundle.unit-test";
		};
		DC9A14822885748E0063407F /* PokemonUITests */ = {
			isa = PBXNativeTarget;
			buildConfigurationList = DC9A14932885748E0063407F /* Build configuration list for PBXNativeTarget "PokemonUITests" */;
			buildPhases = (
				DC9A147F2885748E0063407F /* Sources */,
				DC9A14802885748E0063407F /* Frameworks */,
				DC9A14812885748E0063407F /* Resources */,
			);
			buildRules = (
			);
			dependencies = (
				DC9A14852885748E0063407F /* PBXTargetDependency */,
			);
			name = PokemonUITests;
			productName = PokemonUITests;
			productReference = DC9A14832885748E0063407F /* PokemonUITests.xctest */;
			productType = "com.apple.product-type.bundle.ui-testing";
		};
/* End PBXNativeTarget section */

/* Begin PBXProject section */
		DC9A145C2885748B0063407F /* Project object */ = {
			isa = PBXProject;
			attributes = {
				BuildIndependentTargetsInParallel = 1;
				LastSwiftUpdateCheck = 1340;
				LastUpgradeCheck = 1340;
				TargetAttributes = {
					DC9A14632885748B0063407F = {
						CreatedOnToolsVersion = 13.4.1;
					};
					DC9A14782885748E0063407F = {
						CreatedOnToolsVersion = 13.4.1;
						TestTargetID = DC9A14632885748B0063407F;
					};
					DC9A14822885748E0063407F = {
						CreatedOnToolsVersion = 13.4.1;
						TestTargetID = DC9A14632885748B0063407F;
					};
				};
			};
			buildConfigurationList = DC9A145F2885748B0063407F /* Build configuration list for PBXProject "Pokemon" */;
			compatibilityVersion = "Xcode 13.0";
			developmentRegion = en;
			hasScannedForEncodings = 0;
			knownRegions = (
				en,
				Base,
			);
			mainGroup = DC9A145B2885748B0063407F;
			packageReferences = (
				DC9A14CC288693FA0063407F /* XCRemoteSwiftPackageReference "SDWebImageSwiftUI" */,
			);
			productRefGroup = DC9A14652885748B0063407F /* Products */;
			projectDirPath = "";
			projectRoot = "";
			targets = (
				DC9A14632885748B0063407F /* Pokemon */,
				DC9A14782885748E0063407F /* PokemonTests */,
				DC9A14822885748E0063407F /* PokemonUITests */,
			);
		};
/* End PBXProject section */

/* Begin PBXResourcesBuildPhase section */
		DC9A14622885748B0063407F /* Resources */ = {
			isa = PBXResourcesBuildPhase;
			buildActionMask = 2147483647;
			files = (
				DC9A146F2885748E0063407F /* Preview Assets.xcassets in Resources */,
				DC9A146C2885748E0063407F /* Assets.xcassets in Resources */,
			);
			runOnlyForDeploymentPostprocessing = 0;
		};
		DC9A14772885748E0063407F /* Resources */ = {
			isa = PBXResourcesBuildPhase;
			buildActionMask = 2147483647;
			files = (
			);
			runOnlyForDeploymentPostprocessing = 0;
		};
		DC9A14812885748E0063407F /* Resources */ = {
			isa = PBXResourcesBuildPhase;
			buildActionMask = 2147483647;
			files = (
			);
			runOnlyForDeploymentPostprocessing = 0;
		};
/* End PBXResourcesBuildPhase section */

/* Begin PBXSourcesBuildPhase section */
		DC9A14602885748B0063407F /* Sources */ = {
			isa = PBXSourcesBuildPhase;
			buildActionMask = 2147483647;
			files = (
				DC16451A28890B330074A265 /* PokemonAboutView.swift in Sources */,
				DC9A14D02886A08A0063407F /* View.swift in Sources */,
				DC9A14AE2885C73D0063407F /* APIManager.swift in Sources */,
				DC9A14BE2885F21C0063407F /* PokemonDetailsView.swift in Sources */,
				DC9A14BA2885EC8C0063407F /* String.swift in Sources */,
				DC9A14A3288593A90063407F /* PokemonListView.swift in Sources */,
				DC164527288919000074A265 /* PokemonTypesView.swift in Sources */,
				DC16452B28891B830074A265 /* PokemonListCellView.swift in Sources */,
				DC9A14712885748E0063407F /* Persistence.swift in Sources */,
				DC9A14742885748E0063407F /* Pokemon.xcdatamodeld in Sources */,
				DC9A14B42885C9660063407F /* PokemonListClient.swift in Sources */,
				DC9A146A2885748B0063407F /* ContentView.swift in Sources */,
				DC9A14C728868B5F0063407F /* PokemonDetailsModel.swift in Sources */,
				DC9A14C128868A9B0063407F /* PokemonDetailsViewModel.swift in Sources */,
				DC9A14CA28868FFF0063407F /* PokemonDetailsClient.swift in Sources */,
				DC9A14AA2885C2B20063407F /* PokemonListModel.swift in Sources */,
				DC9A14A6288593C60063407F /* PokemonListViewModel.swift in Sources */,
				DC16451D288912F60074A265 /* PokemonBaseStatesView.swift in Sources */,
				DC16452E288958620074A265 /* InternetConnectionManager.swift in Sources */,
				DC9A14682885748B0063407F /* PokemonApp.swift in Sources */,
				DC9A14B12885C87A0063407F /* ClientManager.swift in Sources */,
				DC1645232889177B0074A265 /* PokemonBaseStateCellView.swift in Sources */,
			);
			runOnlyForDeploymentPostprocessing = 0;
		};
		DC9A14752885748E0063407F /* Sources */ = {
			isa = PBXSourcesBuildPhase;
			buildActionMask = 2147483647;
			files = (
				DC16451E288912F60074A265 /* PokemonBaseStatesView.swift in Sources */,
				DC9A14D12886A08A0063407F /* View.swift in Sources */,
				DC9A14C828868B5F0063407F /* PokemonDetailsModel.swift in Sources */,
				DC9A14A4288593A90063407F /* PokemonListView.swift in Sources */,
				DC16452F288958620074A265 /* InternetConnectionManager.swift in Sources */,
				DC9A14A7288593C60063407F /* PokemonListViewModel.swift in Sources */,
				DC9A14B22885C87A0063407F /* ClientManager.swift in Sources */,
				DC9A14AF2885C73D0063407F /* APIManager.swift in Sources */,
				DC9A147E2885748E0063407F /* PokemonTests.swift in Sources */,
				DC164528288919000074A265 /* PokemonTypesView.swift in Sources */,
				DC9A14B52885C9660063407F /* PokemonListClient.swift in Sources */,
				DC1645242889177B0074A265 /* PokemonBaseStateCellView.swift in Sources */,
				DC9A14CB28868FFF0063407F /* PokemonDetailsClient.swift in Sources */,
				DC9A14BB2885EC8C0063407F /* String.swift in Sources */,
				DC16452C28891B830074A265 /* PokemonListCellView.swift in Sources */,
				DC9A14C228868A9B0063407F /* PokemonDetailsViewModel.swift in Sources */,
				DC9A14BF2885F21C0063407F /* PokemonDetailsView.swift in Sources */,
				DC16451B28890B330074A265 /* PokemonAboutView.swift in Sources */,
				DC9A14AB2885C2B20063407F /* PokemonListModel.swift in Sources */,
			);
			runOnlyForDeploymentPostprocessing = 0;
		};
		DC9A147F2885748E0063407F /* Sources */ = {
			isa = PBXSourcesBuildPhase;
			buildActionMask = 2147483647;
			files = (
				DC9A148A2885748E0063407F /* PokemonUITestsLaunchTests.swift in Sources */,
				DC9A14882885748E0063407F /* PokemonUITests.swift in Sources */,
			);
			runOnlyForDeploymentPostprocessing = 0;
		};
/* End PBXSourcesBuildPhase section */

/* Begin PBXTargetDependency section */
		DC9A147B2885748E0063407F /* PBXTargetDependency */ = {
			isa = PBXTargetDependency;
			target = DC9A14632885748B0063407F /* Pokemon */;
			targetProxy = DC9A147A2885748E0063407F /* PBXContainerItemProxy */;
		};
		DC9A14852885748E0063407F /* PBXTargetDependency */ = {
			isa = PBXTargetDependency;
			target = DC9A14632885748B0063407F /* Pokemon */;
			targetProxy = DC9A14842885748E0063407F /* PBXContainerItemProxy */;
		};
/* End PBXTargetDependency section */

/* Begin XCBuildConfiguration section */
		DC9A148B2885748E0063407F /* Debug */ = {
			isa = XCBuildConfiguration;
			buildSettings = {
				ALWAYS_SEARCH_USER_PATHS = NO;
				CLANG_ANALYZER_NONNULL = YES;
				CLANG_ANALYZER_NUMBER_OBJECT_CONVERSION = YES_AGGRESSIVE;
				CLANG_CXX_LANGUAGE_STANDARD = "gnu++17";
				CLANG_ENABLE_MODULES = YES;
				CLANG_ENABLE_OBJC_ARC = YES;
				CLANG_ENABLE_OBJC_WEAK = YES;
				CLANG_WARN_BLOCK_CAPTURE_AUTORELEASING = YES;
				CLANG_WARN_BOOL_CONVERSION = YES;
				CLANG_WARN_COMMA = YES;
				CLANG_WARN_CONSTANT_CONVERSION = YES;
				CLANG_WARN_DEPRECATED_OBJC_IMPLEMENTATIONS = YES;
				CLANG_WARN_DIRECT_OBJC_ISA_USAGE = YES_ERROR;
				CLANG_WARN_DOCUMENTATION_COMMENTS = YES;
				CLANG_WARN_EMPTY_BODY = YES;
				CLANG_WARN_ENUM_CONVERSION = YES;
				CLANG_WARN_INFINITE_RECURSION = YES;
				CLANG_WARN_INT_CONVERSION = YES;
				CLANG_WARN_NON_LITERAL_NULL_CONVERSION = YES;
				CLANG_WARN_OBJC_IMPLICIT_RETAIN_SELF = YES;
				CLANG_WARN_OBJC_LITERAL_CONVERSION = YES;
				CLANG_WARN_OBJC_ROOT_CLASS = YES_ERROR;
				CLANG_WARN_QUOTED_INCLUDE_IN_FRAMEWORK_HEADER = YES;
				CLANG_WARN_RANGE_LOOP_ANALYSIS = YES;
				CLANG_WARN_STRICT_PROTOTYPES = YES;
				CLANG_WARN_SUSPICIOUS_MOVE = YES;
				CLANG_WARN_UNGUARDED_AVAILABILITY = YES_AGGRESSIVE;
				CLANG_WARN_UNREACHABLE_CODE = YES;
				CLANG_WARN__DUPLICATE_METHOD_MATCH = YES;
				COPY_PHASE_STRIP = NO;
				DEBUG_INFORMATION_FORMAT = dwarf;
				ENABLE_STRICT_OBJC_MSGSEND = YES;
				ENABLE_TESTABILITY = YES;
				GCC_C_LANGUAGE_STANDARD = gnu11;
				GCC_DYNAMIC_NO_PIC = NO;
				GCC_NO_COMMON_BLOCKS = YES;
				GCC_OPTIMIZATION_LEVEL = 0;
				GCC_PREPROCESSOR_DEFINITIONS = (
					"DEBUG=1",
					"$(inherited)",
				);
				GCC_WARN_64_TO_32_BIT_CONVERSION = YES;
				GCC_WARN_ABOUT_RETURN_TYPE = YES_ERROR;
				GCC_WARN_UNDECLARED_SELECTOR = YES;
				GCC_WARN_UNINITIALIZED_AUTOS = YES_AGGRESSIVE;
				GCC_WARN_UNUSED_FUNCTION = YES;
				GCC_WARN_UNUSED_VARIABLE = YES;
				IPHONEOS_DEPLOYMENT_TARGET = 15.5;
				MTL_ENABLE_DEBUG_INFO = INCLUDE_SOURCE;
				MTL_FAST_MATH = YES;
				ONLY_ACTIVE_ARCH = YES;
				SDKROOT = iphoneos;
				SWIFT_ACTIVE_COMPILATION_CONDITIONS = DEBUG;
				SWIFT_OPTIMIZATION_LEVEL = "-Onone";
			};
			name = Debug;
		};
		DC9A148C2885748E0063407F /* Release */ = {
			isa = XCBuildConfiguration;
			buildSettings = {
				ALWAYS_SEARCH_USER_PATHS = NO;
				CLANG_ANALYZER_NONNULL = YES;
				CLANG_ANALYZER_NUMBER_OBJECT_CONVERSION = YES_AGGRESSIVE;
				CLANG_CXX_LANGUAGE_STANDARD = "gnu++17";
				CLANG_ENABLE_MODULES = YES;
				CLANG_ENABLE_OBJC_ARC = YES;
				CLANG_ENABLE_OBJC_WEAK = YES;
				CLANG_WARN_BLOCK_CAPTURE_AUTORELEASING = YES;
				CLANG_WARN_BOOL_CONVERSION = YES;
				CLANG_WARN_COMMA = YES;
				CLANG_WARN_CONSTANT_CONVERSION = YES;
				CLANG_WARN_DEPRECATED_OBJC_IMPLEMENTATIONS = YES;
				CLANG_WARN_DIRECT_OBJC_ISA_USAGE = YES_ERROR;
				CLANG_WARN_DOCUMENTATION_COMMENTS = YES;
				CLANG_WARN_EMPTY_BODY = YES;
				CLANG_WARN_ENUM_CONVERSION = YES;
				CLANG_WARN_INFINITE_RECURSION = YES;
				CLANG_WARN_INT_CONVERSION = YES;
				CLANG_WARN_NON_LITERAL_NULL_CONVERSION = YES;
				CLANG_WARN_OBJC_IMPLICIT_RETAIN_SELF = YES;
				CLANG_WARN_OBJC_LITERAL_CONVERSION = YES;
				CLANG_WARN_OBJC_ROOT_CLASS = YES_ERROR;
				CLANG_WARN_QUOTED_INCLUDE_IN_FRAMEWORK_HEADER = YES;
				CLANG_WARN_RANGE_LOOP_ANALYSIS = YES;
				CLANG_WARN_STRICT_PROTOTYPES = YES;
				CLANG_WARN_SUSPICIOUS_MOVE = YES;
				CLANG_WARN_UNGUARDED_AVAILABILITY = YES_AGGRESSIVE;
				CLANG_WARN_UNREACHABLE_CODE = YES;
				CLANG_WARN__DUPLICATE_METHOD_MATCH = YES;
				COPY_PHASE_STRIP = NO;
				DEBUG_INFORMATION_FORMAT = "dwarf-with-dsym";
				ENABLE_NS_ASSERTIONS = NO;
				ENABLE_STRICT_OBJC_MSGSEND = YES;
				GCC_C_LANGUAGE_STANDARD = gnu11;
				GCC_NO_COMMON_BLOCKS = YES;
				GCC_WARN_64_TO_32_BIT_CONVERSION = YES;
				GCC_WARN_ABOUT_RETURN_TYPE = YES_ERROR;
				GCC_WARN_UNDECLARED_SELECTOR = YES;
				GCC_WARN_UNINITIALIZED_AUTOS = YES_AGGRESSIVE;
				GCC_WARN_UNUSED_FUNCTION = YES;
				GCC_WARN_UNUSED_VARIABLE = YES;
				IPHONEOS_DEPLOYMENT_TARGET = 15.5;
				MTL_ENABLE_DEBUG_INFO = NO;
				MTL_FAST_MATH = YES;
				SDKROOT = iphoneos;
				SWIFT_COMPILATION_MODE = wholemodule;
				SWIFT_OPTIMIZATION_LEVEL = "-O";
				VALIDATE_PRODUCT = YES;
			};
			name = Release;
		};
		DC9A148E2885748E0063407F /* Debug */ = {
			isa = XCBuildConfiguration;
			buildSettings = {
				ASSETCATALOG_COMPILER_APPICON_NAME = AppIcon;
				ASSETCATALOG_COMPILER_GLOBAL_ACCENT_COLOR_NAME = AccentColor;
				CODE_SIGN_STYLE = Automatic;
				CURRENT_PROJECT_VERSION = 1;
				DEVELOPMENT_ASSET_PATHS = "\"Pokemon/Preview Content\"";
				ENABLE_PREVIEWS = YES;
				GENERATE_INFOPLIST_FILE = YES;
				INFOPLIST_FILE = Pokemon/Info.plist;
				INFOPLIST_KEY_UIApplicationSceneManifest_Generation = YES;
				INFOPLIST_KEY_UIApplicationSupportsIndirectInputEvents = YES;
				INFOPLIST_KEY_UILaunchScreen_Generation = YES;
				INFOPLIST_KEY_UISupportedInterfaceOrientations_iPad = "UIInterfaceOrientationPortrait UIInterfaceOrientationPortraitUpsideDown UIInterfaceOrientationLandscapeLeft UIInterfaceOrientationLandscapeRight";
				INFOPLIST_KEY_UISupportedInterfaceOrientations_iPhone = "UIInterfaceOrientationPortrait UIInterfaceOrientationLandscapeLeft UIInterfaceOrientationLandscapeRight";
				IPHONEOS_DEPLOYMENT_TARGET = 15.0;
				LD_RUNPATH_SEARCH_PATHS = (
					"$(inherited)",
					"@executable_path/Frameworks",
				);
				MARKETING_VERSION = 1.0;
				PRODUCT_BUNDLE_IDENTIFIER = test.Pokemon;
				PRODUCT_NAME = "$(TARGET_NAME)";
				SWIFT_EMIT_LOC_STRINGS = YES;
				SWIFT_VERSION = 5.0;
				TARGETED_DEVICE_FAMILY = "1,2";
			};
			name = Debug;
		};
		DC9A148F2885748E0063407F /* Release */ = {
			isa = XCBuildConfiguration;
			buildSettings = {
				ASSETCATALOG_COMPILER_APPICON_NAME = AppIcon;
				ASSETCATALOG_COMPILER_GLOBAL_ACCENT_COLOR_NAME = AccentColor;
				CODE_SIGN_STYLE = Automatic;
				CURRENT_PROJECT_VERSION = 1;
				DEVELOPMENT_ASSET_PATHS = "\"Pokemon/Preview Content\"";
				ENABLE_PREVIEWS = YES;
				GENERATE_INFOPLIST_FILE = YES;
				INFOPLIST_FILE = Pokemon/Info.plist;
				INFOPLIST_KEY_UIApplicationSceneManifest_Generation = YES;
				INFOPLIST_KEY_UIApplicationSupportsIndirectInputEvents = YES;
				INFOPLIST_KEY_UILaunchScreen_Generation = YES;
				INFOPLIST_KEY_UISupportedInterfaceOrientations_iPad = "UIInterfaceOrientationPortrait UIInterfaceOrientationPortraitUpsideDown UIInterfaceOrientationLandscapeLeft UIInterfaceOrientationLandscapeRight";
				INFOPLIST_KEY_UISupportedInterfaceOrientations_iPhone = "UIInterfaceOrientationPortrait UIInterfaceOrientationLandscapeLeft UIInterfaceOrientationLandscapeRight";
				IPHONEOS_DEPLOYMENT_TARGET = 15.0;
				LD_RUNPATH_SEARCH_PATHS = (
					"$(inherited)",
					"@executable_path/Frameworks",
				);
				MARKETING_VERSION = 1.0;
				PRODUCT_BUNDLE_IDENTIFIER = test.Pokemon;
				PRODUCT_NAME = "$(TARGET_NAME)";
				SWIFT_EMIT_LOC_STRINGS = YES;
				SWIFT_VERSION = 5.0;
				TARGETED_DEVICE_FAMILY = "1,2";
			};
			name = Release;
		};
		DC9A14912885748E0063407F /* Debug */ = {
			isa = XCBuildConfiguration;
			buildSettings = {
				ALWAYS_EMBED_SWIFT_STANDARD_LIBRARIES = YES;
				BUNDLE_LOADER = "$(TEST_HOST)";
				CODE_SIGN_STYLE = Automatic;
				CURRENT_PROJECT_VERSION = 1;
				GENERATE_INFOPLIST_FILE = YES;
				IPHONEOS_DEPLOYMENT_TARGET = 15.5;
				MARKETING_VERSION = 1.0;
				PRODUCT_BUNDLE_IDENTIFIER = test.PokemonTests;
				PRODUCT_NAME = "$(TARGET_NAME)";
				SWIFT_EMIT_LOC_STRINGS = NO;
				SWIFT_VERSION = 5.0;
				TARGETED_DEVICE_FAMILY = "1,2";
				TEST_HOST = "$(BUILT_PRODUCTS_DIR)/Pokemon.app/Pokemon";
			};
			name = Debug;
		};
		DC9A14922885748E0063407F /* Release */ = {
			isa = XCBuildConfiguration;
			buildSettings = {
				ALWAYS_EMBED_SWIFT_STANDARD_LIBRARIES = YES;
				BUNDLE_LOADER = "$(TEST_HOST)";
				CODE_SIGN_STYLE = Automatic;
				CURRENT_PROJECT_VERSION = 1;
				GENERATE_INFOPLIST_FILE = YES;
				IPHONEOS_DEPLOYMENT_TARGET = 15.5;
				MARKETING_VERSION = 1.0;
				PRODUCT_BUNDLE_IDENTIFIER = test.PokemonTests;
				PRODUCT_NAME = "$(TARGET_NAME)";
				SWIFT_EMIT_LOC_STRINGS = NO;
				SWIFT_VERSION = 5.0;
				TARGETED_DEVICE_FAMILY = "1,2";
				TEST_HOST = "$(BUILT_PRODUCTS_DIR)/Pokemon.app/Pokemon";
			};
			name = Release;
		};
		DC9A14942885748E0063407F /* Debug */ = {
			isa = XCBuildConfiguration;
			buildSettings = {
				ALWAYS_EMBED_SWIFT_STANDARD_LIBRARIES = YES;
				CODE_SIGN_STYLE = Automatic;
				CURRENT_PROJECT_VERSION = 1;
				GENERATE_INFOPLIST_FILE = YES;
				MARKETING_VERSION = 1.0;
				PRODUCT_BUNDLE_IDENTIFIER = test.PokemonUITests;
				PRODUCT_NAME = "$(TARGET_NAME)";
				SWIFT_EMIT_LOC_STRINGS = NO;
				SWIFT_VERSION = 5.0;
				TARGETED_DEVICE_FAMILY = "1,2";
				TEST_TARGET_NAME = Pokemon;
			};
			name = Debug;
		};
		DC9A14952885748E0063407F /* Release */ = {
			isa = XCBuildConfiguration;
			buildSettings = {
				ALWAYS_EMBED_SWIFT_STANDARD_LIBRARIES = YES;
				CODE_SIGN_STYLE = Automatic;
				CURRENT_PROJECT_VERSION = 1;
				GENERATE_INFOPLIST_FILE = YES;
				MARKETING_VERSION = 1.0;
				PRODUCT_BUNDLE_IDENTIFIER = test.PokemonUITests;
				PRODUCT_NAME = "$(TARGET_NAME)";
				SWIFT_EMIT_LOC_STRINGS = NO;
				SWIFT_VERSION = 5.0;
				TARGETED_DEVICE_FAMILY = "1,2";
				TEST_TARGET_NAME = Pokemon;
			};
			name = Release;
		};
/* End XCBuildConfiguration section */

/* Begin XCConfigurationList section */
		DC9A145F2885748B0063407F /* Build configuration list for PBXProject "Pokemon" */ = {
			isa = XCConfigurationList;
			buildConfigurations = (
				DC9A148B2885748E0063407F /* Debug */,
				DC9A148C2885748E0063407F /* Release */,
			);
			defaultConfigurationIsVisible = 0;
			defaultConfigurationName = Release;
		};
		DC9A148D2885748E0063407F /* Build configuration list for PBXNativeTarget "Pokemon" */ = {
			isa = XCConfigurationList;
			buildConfigurations = (
				DC9A148E2885748E0063407F /* Debug */,
				DC9A148F2885748E0063407F /* Release */,
			);
			defaultConfigurationIsVisible = 0;
			defaultConfigurationName = Release;
		};
		DC9A14902885748E0063407F /* Build configuration list for PBXNativeTarget "PokemonTests" */ = {
			isa = XCConfigurationList;
			buildConfigurations = (
				DC9A14912885748E0063407F /* Debug */,
				DC9A14922885748E0063407F /* Release */,
			);
			defaultConfigurationIsVisible = 0;
			defaultConfigurationName = Release;
		};
		DC9A14932885748E0063407F /* Build configuration list for PBXNativeTarget "PokemonUITests" */ = {
			isa = XCConfigurationList;
			buildConfigurations = (
				DC9A14942885748E0063407F /* Debug */,
				DC9A14952885748E0063407F /* Release */,
			);
			defaultConfigurationIsVisible = 0;
			defaultConfigurationName = Release;
		};
/* End XCConfigurationList section */

/* Begin XCRemoteSwiftPackageReference section */
		DC9A14CC288693FA0063407F /* XCRemoteSwiftPackageReference "SDWebImageSwiftUI" */ = {
			isa = XCRemoteSwiftPackageReference;
			repositoryURL = "https://github.com/SDWebImage/SDWebImageSwiftUI.git";
			requirement = {
				kind = upToNextMajorVersion;
				minimumVersion = 2.0.0;
			};
		};
/* End XCRemoteSwiftPackageReference section */

/* Begin XCSwiftPackageProductDependency section */
		DC9A14CD288693FA0063407F /* SDWebImageSwiftUI */ = {
			isa = XCSwiftPackageProductDependency;
			package = DC9A14CC288693FA0063407F /* XCRemoteSwiftPackageReference "SDWebImageSwiftUI" */;
			productName = SDWebImageSwiftUI;
		};
/* End XCSwiftPackageProductDependency section */

/* Begin XCVersionGroup section */
		DC9A14722885748E0063407F /* Pokemon.xcdatamodeld */ = {
			isa = XCVersionGroup;
			children = (
				DC9A14732885748E0063407F /* Pokemon.xcdatamodel */,
			);
			currentVersion = DC9A14732885748E0063407F /* Pokemon.xcdatamodel */;
			path = Pokemon.xcdatamodeld;
			sourceTree = "<group>";
			versionGroupType = wrapper.xcdatamodel;
		};
/* End XCVersionGroup section */
	};
	rootObject = DC9A145C2885748B0063407F /* Project object */;
}
